
Microsoft Visual Studio Solution File, Format Version 12.00
# Visual Studio Version 16
VisualStudioVersion = 16.0.30621.155
MinimumVisualStudioVersion = 10.0.40219.1
Project("{2150E333-8FDC-42A3-9474-1A3956D46DE8}") = "Authentication-Authorization", "Authentication-Authorization", "{9F29F0BF-FDEE-44AC-8ADD-9BE4F4A300F3}"
EndProject
Project("{FAE04EC0-301F-11D3-BF4B-00C04F79EFBC}") = "Basics", "Authentication-Authorization\Basics\Basics.csproj", "{7A87BFAD-2CBB-4647-BAD4-DE0F9AF49138}"
EndProject
Project("{FAE04EC0-301F-11D3-BF4B-00C04F79EFBC}") = "IdentityExample", "IdentityExample\IdentityExample.csproj", "{759F5B11-FB2C-4CA1-8298-D55EEAAEC6D8}"
EndProject
Global
	GlobalSection(SolutionConfigurationPlatforms) = preSolution
		Debug|Any CPU = Debug|Any CPU
		Release|Any CPU = Release|Any CPU
	EndGlobalSection
	GlobalSection(ProjectConfigurationPlatforms) = postSolution
		{7A87BFAD-2CBB-4647-BAD4-DE0F9AF49138}.Debug|Any CPU.ActiveCfg = Debug|Any CPU
		{7A87BFAD-2CBB-4647-BAD4-DE0F9AF49138}.Debug|Any CPU.Build.0 = Debug|Any CPU
		{7A87BFAD-2CBB-4647-BAD4-DE0F9AF49138}.Release|Any CPU.ActiveCfg = Release|Any CPU
		{7A87BFAD-2CBB-4647-BAD4-DE0F9AF49138}.Release|Any CPU.Build.0 = Release|Any CPU
		{759F5B11-FB2C-4CA1-8298-D55EEAAEC6D8}.Debug|Any CPU.ActiveCfg = Debug|Any CPU
		{759F5B11-FB2C-4CA1-8298-D55EEAAEC6D8}.Debug|Any CPU.Build.0 = Debug|Any CPU
		{759F5B11-FB2C-4CA1-8298-D55EEAAEC6D8}.Release|Any CPU.ActiveCfg = Release|Any CPU
		{759F5B11-FB2C-4CA1-8298-D55EEAAEC6D8}.Release|Any CPU.Build.0 = Release|Any CPU
	EndGlobalSection
	GlobalSection(SolutionProperties) = preSolution
		HideSolutionNode = FALSE
	EndGlobalSection
	GlobalSection(NestedProjects) = preSolution
		{7A87BFAD-2CBB-4647-BAD4-DE0F9AF49138} = {9F29F0BF-FDEE-44AC-8ADD-9BE4F4A300F3}
		{759F5B11-FB2C-4CA1-8298-D55EEAAEC6D8} = {9F29F0BF-FDEE-44AC-8ADD-9BE4F4A300F3}
	EndGlobalSection
	GlobalSection(ExtensibilityGlobals) = postSolution
		SolutionGuid = {3A24AF54-B8BE-4CB2-A9E9-7EE0F31E1C95}
	EndGlobalSection
EndGlobal
