
Microsoft Visual Studio Solution File, Format Version 12.00
# Visual Studio Version 16
VisualStudioVersion = 16.0.30204.135
MinimumVisualStudioVersion = 10.0.40219.1
Project("{FAE04EC0-301F-11D3-BF4B-00C04F79EFBC}") = "ClosedXML-Lab", "ClosedXML-Lab\ClosedXML-Lab.csproj", "{F43E590B-5169-40D5-AC8D-4FFE01FC5AB9}"
EndProject
Global
	GlobalSection(SolutionConfigurationPlatforms) = preSolution
		Debug|Any CPU = Debug|Any CPU
		Release|Any CPU = Release|Any CPU
	EndGlobalSection
	GlobalSection(ProjectConfigurationPlatforms) = postSolution
		{F43E590B-5169-40D5-AC8D-4FFE01FC5AB9}.Debug|Any CPU.ActiveCfg = Debug|Any CPU
		{F43E590B-5169-40D5-AC8D-4FFE01FC5AB9}.Debug|Any CPU.Build.0 = Debug|Any CPU
		{F43E590B-5169-40D5-AC8D-4FFE01FC5AB9}.Release|Any CPU.ActiveCfg = Release|Any CPU
		{F43E590B-5169-40D5-AC8D-4FFE01FC5AB9}.Release|Any CPU.Build.0 = Release|Any CPU
	EndGlobalSection
	GlobalSection(SolutionProperties) = preSolution
		HideSolutionNode = FALSE
	EndGlobalSection
	GlobalSection(ExtensibilityGlobals) = postSolution
		SolutionGuid = {A87AF369-6E0B-4674-8291-B5815C3AAC84}
	EndGlobalSection
EndGlobal
